// !$*UTF8*$!
{
	archiveVersion = 1;
	classes = {
	};
	objectVersion = 46;
	objects = {

/* Begin PBXBuildFile section */
		4D2522E5159B1242005A61B2 /* UIKit.framework in Frameworks */ = {isa = PBXBuildFile; fileRef = 4D2522E4159B1242005A61B2 /* UIKit.framework */; };
		4D2522E7159B1242005A61B2 /* Foundation.framework in Frameworks */ = {isa = PBXBuildFile; fileRef = 4D2522E6159B1242005A61B2 /* Foundation.framework */; };
		4D2522E9159B1242005A61B2 /* CoreGraphics.framework in Frameworks */ = {isa = PBXBuildFile; fileRef = 4D2522E8159B1242005A61B2 /* CoreGraphics.framework */; };
		4D2522EF159B1242005A61B2 /* InfoPlist.strings in Resources */ = {isa = PBXBuildFile; fileRef = 4D2522ED159B1242005A61B2 /* InfoPlist.strings */; };
		4D2522F1159B1242005A61B2 /* main.m in Sources */ = {isa = PBXBuildFile; fileRef = 4D2522F0159B1242005A61B2 /* main.m */; };
		4D2522F5159B1242005A61B2 /* AppDelegate.m in Sources */ = {isa = PBXBuildFile; fileRef = 4D2522F4159B1242005A61B2 /* AppDelegate.m */; };
		4D2522F8159B1242005A61B2 /* MainStoryboard.storyboard in Resources */ = {isa = PBXBuildFile; fileRef = 4D2522F6159B1242005A61B2 /* MainStoryboard.storyboard */; };
		4D2522FB159B1242005A61B2 /* ViewController.m in Sources */ = {isa = PBXBuildFile; fileRef = 4D2522FA159B1242005A61B2 /* ViewController.m */; };
		4D252304159B14AE005A61B2 /* QuartzCore.framework in Frameworks */ = {isa = PBXBuildFile; fileRef = 4D252303159B14AE005A61B2 /* QuartzCore.framework */; };
		4D252306159B1589005A61B2 /* book_photo.png in Resources */ = {isa = PBXBuildFile; fileRef = 4D252305159B1588005A61B2 /* book_photo.png */; };
/* End PBXBuildFile section */

/* Begin PBXFileReference section */
		4D2522E0159B1242005A61B2 /* Ch16_4.app */ = {isa = PBXFileReference; explicitFileType = wrapper.application; includeInIndex = 0; path = Ch16_4.app; sourceTree = BUILT_PRODUCTS_DIR; };
		4D2522E4159B1242005A61B2 /* UIKit.framework */ = {isa = PBXFileReference; lastKnownFileType = wrapper.framework; name = UIKit.framework; path = System/Library/Frameworks/UIKit.framework; sourceTree = SDKROOT; };
		4D2522E6159B1242005A61B2 /* Foundation.framework */ = {isa = PBXFileReference; lastKnownFileType = wrapper.framework; name = Foundation.framework; path = System/Library/Frameworks/Foundation.framework; sourceTree = SDKROOT; };
		4D2522E8159B1242005A61B2 /* CoreGraphics.framework */ = {isa = PBXFileReference; lastKnownFileType = wrapper.framework; name = CoreGraphics.framework; path = System/Library/Frameworks/CoreGraphics.framework; sourceTree = SDKROOT; };
		4D2522EC159B1242005A61B2 /* Ch16_4-Info.plist */ = {isa = PBXFileReference; lastKnownFileType = text.plist.xml; path = "Ch16_4-Info.plist"; sourceTree = "<group>"; };
		4D2522EE159B1242005A61B2 /* en */ = {isa = PBXFileReference; lastKnownFileType = text.plist.strings; name = en; path = en.lproj/InfoPlist.strings; sourceTree = "<group>"; };
		4D2522F0159B1242005A61B2 /* main.m */ = {isa = PBXFileReference; lastKnownFileType = sourcecode.c.objc; path = main.m; sourceTree = "<group>"; };
		4D2522F2159B1242005A61B2 /* Ch16_4-Prefix.pch */ = {isa = PBXFileReference; lastKnownFileType = sourcecode.c.h; path = "Ch16_4-Prefix.pch"; sourceTree = "<group>"; };
		4D2522F3159B1242005A61B2 /* AppDelegate.h */ = {isa = PBXFileReference; lastKnownFileType = sourcecode.c.h; path = AppDelegate.h; sourceTree = "<group>"; };
		4D2522F4159B1242005A61B2 /* AppDelegate.m */ = {isa = PBXFileReference; lastKnownFileType = sourcecode.c.objc; path = AppDelegate.m; sourceTree = "<group>"; };
		4D2522F7159B1242005A61B2 /* en */ = {isa = PBXFileReference; lastKnownFileType = file.storyboard; name = en; path = en.lproj/MainStoryboard.storyboard; sourceTree = "<group>"; };
		4D2522F9159B1242005A61B2 /* ViewController.h */ = {isa = PBXFileReference; lastKnownFileType = sourcecode.c.h; path = ViewController.h; sourceTree = "<group>"; };
		4D2522FA159B1242005A61B2 /* ViewController.m */ = {isa = PBXFileReference; lastKnownFileType = sourcecode.c.objc; path = ViewController.m; sourceTree = "<group>"; };
		4D252303159B14AE005A61B2 /* QuartzCore.framework */ = {isa = PBXFileReference; lastKnownFileType = wrapper.framework; name = QuartzCore.framework; path = System/Library/Frameworks/QuartzCore.framework; sourceTree = SDKROOT; };
		4D252305159B1588005A61B2 /* book_photo.png */ = {isa = PBXFileReference; lastKnownFileType = image.png; path = book_photo.png; sourceTree = "<group>"; };
/* End PBXFileReference section */

/* Begin PBXFrameworksBuildPhase section */
		4D2522DD159B1242005A61B2 /* Frameworks */ = {
			isa = PBXFrameworksBuildPhase;
			buildActionMask = 2147483647;
			files = (
				4D252304159B14AE005A61B2 /* QuartzCore.framework in Frameworks */,
				4D2522E5159B1242005A61B2 /* UIKit.framework in Frameworks */,
				4D2522E7159B1242005A61B2 /* Foundation.framework in Frameworks */,
				4D2522E9159B1242005A61B2 /* CoreGraphics.framework in Frameworks */,
			);
			runOnlyForDeploymentPostprocessing = 0;
		};
/* End PBXFrameworksBuildPhase section */

/* Begin PBXGroup section */
		4D2522D5159B1242005A61B2 = {
			isa = PBXGroup;
			children = (
				4D252305159B1588005A61B2 /* book_photo.png */,
				4D252303159B14AE005A61B2 /* QuartzCore.framework */,
				4D2522EA159B1242005A61B2 /* Ch16_4 */,
				4D2522E3159B1242005A61B2 /* Frameworks */,
				4D2522E1159B1242005A61B2 /* Products */,
			);
			sourceTree = "<group>";
		};
		4D2522E1159B1242005A61B2 /* Products */ = {
			isa = PBXGroup;
			children = (
				4D2522E0159B1242005A61B2 /* Ch16_4.app */,
			);
			name = Products;
			sourceTree = "<group>";
		};
		4D2522E3159B1242005A61B2 /* Frameworks */ = {
			isa = PBXGroup;
			children = (
				4D2522E4159B1242005A61B2 /* UIKit.framework */,
				4D2522E6159B1242005A61B2 /* Foundation.framework */,
				4D2522E8159B1242005A61B2 /* CoreGraphics.framework */,
			);
			name = Frameworks;
			sourceTree = "<group>";
		};
		4D2522EA159B1242005A61B2 /* Ch16_4 */ = {
			isa = PBXGroup;
			children = (
				4D2522F3159B1242005A61B2 /* AppDelegate.h */,
				4D2522F4159B1242005A61B2 /* AppDelegate.m */,
				4D2522F6159B1242005A61B2 /* MainStoryboard.storyboard */,
				4D2522F9159B1242005A61B2 /* ViewController.h */,
				4D2522FA159B1242005A61B2 /* ViewController.m */,
				4D2522EB159B1242005A61B2 /* Supporting Files */,
			);
			path = Ch16_4;
			sourceTree = "<group>";
		};
		4D2522EB159B1242005A61B2 /* Supporting Files */ = {
			isa = PBXGroup;
			children = (
				4D2522EC159B1242005A61B2 /* Ch16_4-Info.plist */,
				4D2522ED159B1242005A61B2 /* InfoPlist.strings */,
				4D2522F0159B1242005A61B2 /* main.m */,
				4D2522F2159B1242005A61B2 /* Ch16_4-Prefix.pch */,
			);
			name = "Supporting Files";
			sourceTree = "<group>";
		};
/* End PBXGroup section */

/* Begin PBXNativeTarget section */
		4D2522DF159B1242005A61B2 /* Ch16_4 */ = {
			isa = PBXNativeTarget;
			buildConfigurationList = 4D2522FE159B1242005A61B2 /* Build configuration list for PBXNativeTarget "Ch16_4" */;
			buildPhases = (
				4D2522DC159B1242005A61B2 /* Sources */,
				4D2522DD159B1242005A61B2 /* Frameworks */,
				4D2522DE159B1242005A61B2 /* Resources */,
			);
			buildRules = (
			);
			dependencies = (
			);
			name = Ch16_4;
			productName = Ch16_4;
			productReference = 4D2522E0159B1242005A61B2 /* Ch16_4.app */;
			productType = "com.apple.product-type.application";
		};
/* End PBXNativeTarget section */

/* Begin PBXProject section */
		4D2522D7159B1242005A61B2 /* Project object */ = {
			isa = PBXProject;
			attributes = {
				LastUpgradeCheck = 0430;
			};
			buildConfigurationList = 4D2522DA159B1242005A61B2 /* Build configuration list for PBXProject "Ch16_4" */;
			compatibilityVersion = "Xcode 3.2";
			developmentRegion = English;
			hasScannedForEncodings = 0;
			knownRegions = (
				en,
			);
			mainGroup = 4D2522D5159B1242005A61B2;
			productRefGroup = 4D2522E1159B1242005A61B2 /* Products */;
			projectDirPath = "";
			projectRoot = "";
			targets = (
				4D2522DF159B1242005A61B2 /* Ch16_4 */,
			);
		};
/* End PBXProject section */

/* Begin PBXResourcesBuildPhase section */
		4D2522DE159B1242005A61B2 /* Resources */ = {
			isa = PBXResourcesBuildPhase;
			buildActionMask = 2147483647;
			files = (
				4D2522EF159B1242005A61B2 /* InfoPlist.strings in Resources */,
				4D2522F8159B1242005A61B2 /* MainStoryboard.storyboard in Resources */,
				4D252306159B1589005A61B2 /* book_photo.png in Resources */,
			);
			runOnlyForDeploymentPostprocessing = 0;
		};
/* End PBXResourcesBuildPhase section */

/* Begin PBXSourcesBuildPhase section */
		4D2522DC159B1242005A61B2 /* Sources */ = {
			isa = PBXSourcesBuildPhase;
			buildActionMask = 2147483647;
			files = (
				4D2522F1159B1242005A61B2 /* main.m in Sources */,
				4D2522F5159B1242005A61B2 /* AppDelegate.m in Sources */,
				4D2522FB159B1242005A61B2 /* ViewController.m in Sources */,
			);
			runOnlyForDeploymentPostprocessing = 0;
		};
/* End PBXSourcesBuildPhase section */

/* Begin PBXVariantGroup section */
		4D2522ED159B1242005A61B2 /* InfoPlist.strings */ = {
			isa = PBXVariantGroup;
			children = (
				4D2522EE159B1242005A61B2 /* en */,
			);
			name = InfoPlist.strings;
			sourceTree = "<group>";
		};
		4D2522F6159B1242005A61B2 /* MainStoryboard.storyboard */ = {
			isa = PBXVariantGroup;
			children = (
				4D2522F7159B1242005A61B2 /* en */,
			);
			name = MainStoryboard.storyboard;
			sourceTree = "<group>";
		};
/* End PBXVariantGroup section */

/* Begin XCBuildConfiguration section */
		4D2522FC159B1242005A61B2 /* Debug */ = {
			isa = XCBuildConfiguration;
			buildSettings = {
				ALWAYS_SEARCH_USER_PATHS = NO;
				ARCHS = "$(ARCHS_STANDARD_32_BIT)";
				"CODE_SIGN_IDENTITY[sdk=iphoneos*]" = "iPhone Developer";
				COPY_PHASE_STRIP = NO;
				GCC_C_LANGUAGE_STANDARD = gnu99;
				GCC_DYNAMIC_NO_PIC = NO;
				GCC_OPTIMIZATION_LEVEL = 0;
				GCC_PREPROCESSOR_DEFINITIONS = (
					"DEBUG=1",
					"$(inherited)",
				);
				GCC_SYMBOLS_PRIVATE_EXTERN = NO;
				GCC_VERSION = com.apple.compilers.llvm.clang.1_0;
				GCC_WARN_ABOUT_RETURN_TYPE = YES;
				GCC_WARN_UNINITIALIZED_AUTOS = YES;
				GCC_WARN_UNUSED_VARIABLE = YES;
				IPHONEOS_DEPLOYMENT_TARGET = 5.1;
				SDKROOT = iphoneos;
			};
			name = Debug;
		};
		4D2522FD159B1242005A61B2 /* Release */ = {
			isa = XCBuildConfiguration;
			buildSettings = {
				ALWAYS_SEARCH_USER_PATHS = NO;
				ARCHS = "$(ARCHS_STANDARD_32_BIT)";
				"CODE_SIGN_IDENTITY[sdk=iphoneos*]" = "iPhone Developer";
				COPY_PHASE_STRIP = YES;
				GCC_C_LANGUAGE_STANDARD = gnu99;
				GCC_VERSION = com.apple.compilers.llvm.clang.1_0;
				GCC_WARN_ABOUT_RETURN_TYPE = YES;
				GCC_WARN_UNINITIALIZED_AUTOS = YES;
				GCC_WARN_UNUSED_VARIABLE = YES;
				IPHONEOS_DEPLOYMENT_TARGET = 5.1;
				OTHER_CFLAGS = "-DNS_BLOCK_ASSERTIONS=1";
				SDKROOT = iphoneos;
				VALIDATE_PRODUCT = YES;
			};
			name = Release;
		};
		4D2522FF159B1242005A61B2 /* Debug */ = {
			isa = XCBuildConfiguration;
			buildSettings = {
				GCC_PRECOMPILE_PREFIX_HEADER = YES;
				GCC_PREFIX_HEADER = "Ch16_4/Ch16_4-Prefix.pch";
				INFOPLIST_FILE = "Ch16_4/Ch16_4-Info.plist";
				PRODUCT_NAME = "$(TARGET_NAME)";
				WRAPPER_EXTENSION = app;
			};
			name = Debug;
		};
		4D252300159B1242005A61B2 /* Release */ = {
			isa = XCBuildConfiguration;
			buildSettings = {
				GCC_PRECOMPILE_PREFIX_HEADER = YES;
				GCC_PREFIX_HEADER = "Ch16_4/Ch16_4-Prefix.pch";
				INFOPLIST_FILE = "Ch16_4/Ch16_4-Info.plist";
				PRODUCT_NAME = "$(TARGET_NAME)";
				WRAPPER_EXTENSION = app;
			};
			name = Release;
		};
/* End XCBuildConfiguration section */

/* Begin XCConfigurationList section */
		4D2522DA159B1242005A61B2 /* Build configuration list for PBXProject "Ch16_4" */ = {
			isa = XCConfigurationList;
			buildConfigurations = (
				4D2522FC159B1242005A61B2 /* Debug */,
				4D2522FD159B1242005A61B2 /* Release */,
			);
			defaultConfigurationIsVisible = 0;
			defaultConfigurationName = Release;
		};
		4D2522FE159B1242005A61B2 /* Build configuration list for PBXNativeTarget "Ch16_4" */ = {
			isa = XCConfigurationList;
			buildConfigurations = (
				4D2522FF159B1242005A61B2 /* Debug */,
				4D252300159B1242005A61B2 /* Release */,
			);
			defaultConfigurationIsVisible = 0;
		};
/* End XCConfigurationList section */
	};
	rootObject = 4D2522D7159B1242005A61B2 /* Project object */;
}
