// !$*UTF8*$!
{
	archiveVersion = 1;
	classes = {
	};
	objectVersion = 46;
	objects = {

/* Begin PBXBuildFile section */
		4DDEAD551510952300D5A164 /* Foundation.framework in Frameworks */ = {isa = PBXBuildFile; fileRef = 4DDEAD541510952300D5A164 /* Foundation.framework */; };
		4DDEAD581510952300D5A164 /* main.m in Sources */ = {isa = PBXBuildFile; fileRef = 4DDEAD571510952300D5A164 /* main.m */; };
		4DDEAD5C1510952300D5A164 /* Ch4_3.1 in CopyFiles */ = {isa = PBXBuildFile; fileRef = 4DDEAD5B1510952300D5A164 /* Ch4_3.1 */; };
/* End PBXBuildFile section */

/* Begin PBXCopyFilesBuildPhase section */
		4DDEAD4E1510952300D5A164 /* CopyFiles */ = {
			isa = PBXCopyFilesBuildPhase;
			buildActionMask = 2147483647;
			dstPath = /usr/share/man/man1/;
			dstSubfolderSpec = 0;
			files = (
				4DDEAD5C1510952300D5A164 /* Ch4_3.1 in CopyFiles */,
			);
			runOnlyForDeploymentPostprocessing = 1;
		};
/* End PBXCopyFilesBuildPhase section */

/* Begin PBXFileReference section */
		4DDEAD501510952300D5A164 /* Ch4_3 */ = {isa = PBXFileReference; explicitFileType = "compiled.mach-o.executable"; includeInIndex = 0; path = Ch4_3; sourceTree = BUILT_PRODUCTS_DIR; };
		4DDEAD541510952300D5A164 /* Foundation.framework */ = {isa = PBXFileReference; lastKnownFileType = wrapper.framework; name = Foundation.framework; path = System/Library/Frameworks/Foundation.framework; sourceTree = SDKROOT; };
		4DDEAD571510952300D5A164 /* main.m */ = {isa = PBXFileReference; lastKnownFileType = sourcecode.c.objc; path = main.m; sourceTree = "<group>"; };
		4DDEAD5A1510952300D5A164 /* Ch4_3-Prefix.pch */ = {isa = PBXFileReference; lastKnownFileType = sourcecode.c.h; path = "Ch4_3-Prefix.pch"; sourceTree = "<group>"; };
		4DDEAD5B1510952300D5A164 /* Ch4_3.1 */ = {isa = PBXFileReference; lastKnownFileType = text.man; path = Ch4_3.1; sourceTree = "<group>"; };
/* End PBXFileReference section */

/* Begin PBXFrameworksBuildPhase section */
		4DDEAD4D1510952300D5A164 /* Frameworks */ = {
			isa = PBXFrameworksBuildPhase;
			buildActionMask = 2147483647;
			files = (
				4DDEAD551510952300D5A164 /* Foundation.framework in Frameworks */,
			);
			runOnlyForDeploymentPostprocessing = 0;
		};
/* End PBXFrameworksBuildPhase section */

/* Begin PBXGroup section */
		4DDEAD451510952300D5A164 = {
			isa = PBXGroup;
			children = (
				4DDEAD561510952300D5A164 /* Ch4_3 */,
				4DDEAD531510952300D5A164 /* Frameworks */,
				4DDEAD511510952300D5A164 /* Products */,
			);
			sourceTree = "<group>";
		};
		4DDEAD511510952300D5A164 /* Products */ = {
			isa = PBXGroup;
			children = (
				4DDEAD501510952300D5A164 /* Ch4_3 */,
			);
			name = Products;
			sourceTree = "<group>";
		};
		4DDEAD531510952300D5A164 /* Frameworks */ = {
			isa = PBXGroup;
			children = (
				4DDEAD541510952300D5A164 /* Foundation.framework */,
			);
			name = Frameworks;
			sourceTree = "<group>";
		};
		4DDEAD561510952300D5A164 /* Ch4_3 */ = {
			isa = PBXGroup;
			children = (
				4DDEAD571510952300D5A164 /* main.m */,
				4DDEAD5B1510952300D5A164 /* Ch4_3.1 */,
				4DDEAD591510952300D5A164 /* Supporting Files */,
			);
			path = Ch4_3;
			sourceTree = "<group>";
		};
		4DDEAD591510952300D5A164 /* Supporting Files */ = {
			isa = PBXGroup;
			children = (
				4DDEAD5A1510952300D5A164 /* Ch4_3-Prefix.pch */,
			);
			name = "Supporting Files";
			sourceTree = "<group>";
		};
/* End PBXGroup section */

/* Begin PBXNativeTarget section */
		4DDEAD4F1510952300D5A164 /* Ch4_3 */ = {
			isa = PBXNativeTarget;
			buildConfigurationList = 4DDEAD5F1510952300D5A164 /* Build configuration list for PBXNativeTarget "Ch4_3" */;
			buildPhases = (
				4DDEAD4C1510952300D5A164 /* Sources */,
				4DDEAD4D1510952300D5A164 /* Frameworks */,
				4DDEAD4E1510952300D5A164 /* CopyFiles */,
			);
			buildRules = (
			);
			dependencies = (
			);
			name = Ch4_3;
			productName = Ch4_3;
			productReference = 4DDEAD501510952300D5A164 /* Ch4_3 */;
			productType = "com.apple.product-type.tool";
		};
/* End PBXNativeTarget section */

/* Begin PBXProject section */
		4DDEAD471510952300D5A164 /* Project object */ = {
			isa = PBXProject;
			attributes = {
				LastUpgradeCheck = 0430;
			};
			buildConfigurationList = 4DDEAD4A1510952300D5A164 /* Build configuration list for PBXProject "Ch4_3" */;
			compatibilityVersion = "Xcode 3.2";
			developmentRegion = English;
			hasScannedForEncodings = 0;
			knownRegions = (
				en,
			);
			mainGroup = 4DDEAD451510952300D5A164;
			productRefGroup = 4DDEAD511510952300D5A164 /* Products */;
			projectDirPath = "";
			projectRoot = "";
			targets = (
				4DDEAD4F1510952300D5A164 /* Ch4_3 */,
			);
		};
/* End PBXProject section */

/* Begin PBXSourcesBuildPhase section */
		4DDEAD4C1510952300D5A164 /* Sources */ = {
			isa = PBXSourcesBuildPhase;
			buildActionMask = 2147483647;
			files = (
				4DDEAD581510952300D5A164 /* main.m in Sources */,
			);
			runOnlyForDeploymentPostprocessing = 0;
		};
/* End PBXSourcesBuildPhase section */

/* Begin XCBuildConfiguration section */
		4DDEAD5D1510952300D5A164 /* Debug */ = {
			isa = XCBuildConfiguration;
			buildSettings = {
				ALWAYS_SEARCH_USER_PATHS = NO;
				ARCHS = "$(ARCHS_STANDARD_64_BIT)";
				COPY_PHASE_STRIP = NO;
				GCC_C_LANGUAGE_STANDARD = gnu99;
				GCC_DYNAMIC_NO_PIC = NO;
				GCC_ENABLE_OBJC_EXCEPTIONS = YES;
				GCC_OPTIMIZATION_LEVEL = 0;
				GCC_PREPROCESSOR_DEFINITIONS = (
					"DEBUG=1",
					"$(inherited)",
				);
				GCC_SYMBOLS_PRIVATE_EXTERN = NO;
				GCC_VERSION = com.apple.compilers.llvm.clang.1_0;
				GCC_WARN_64_TO_32_BIT_CONVERSION = YES;
				GCC_WARN_ABOUT_RETURN_TYPE = YES;
				GCC_WARN_UNINITIALIZED_AUTOS = YES;
				GCC_WARN_UNUSED_VARIABLE = YES;
				MACOSX_DEPLOYMENT_TARGET = 10.7;
				ONLY_ACTIVE_ARCH = YES;
				SDKROOT = macosx;
			};
			name = Debug;
		};
		4DDEAD5E1510952300D5A164 /* Release */ = {
			isa = XCBuildConfiguration;
			buildSettings = {
				ALWAYS_SEARCH_USER_PATHS = NO;
				ARCHS = "$(ARCHS_STANDARD_64_BIT)";
				COPY_PHASE_STRIP = YES;
				DEBUG_INFORMATION_FORMAT = "dwarf-with-dsym";
				GCC_C_LANGUAGE_STANDARD = gnu99;
				GCC_ENABLE_OBJC_EXCEPTIONS = YES;
				GCC_VERSION = com.apple.compilers.llvm.clang.1_0;
				GCC_WARN_64_TO_32_BIT_CONVERSION = YES;
				GCC_WARN_ABOUT_RETURN_TYPE = YES;
				GCC_WARN_UNINITIALIZED_AUTOS = YES;
				GCC_WARN_UNUSED_VARIABLE = YES;
				MACOSX_DEPLOYMENT_TARGET = 10.7;
				SDKROOT = macosx;
			};
			name = Release;
		};
		4DDEAD601510952300D5A164 /* Debug */ = {
			isa = XCBuildConfiguration;
			buildSettings = {
				GCC_PRECOMPILE_PREFIX_HEADER = YES;
				GCC_PREFIX_HEADER = "Ch4_3/Ch4_3-Prefix.pch";
				PRODUCT_NAME = "$(TARGET_NAME)";
			};
			name = Debug;
		};
		4DDEAD611510952300D5A164 /* Release */ = {
			isa = XCBuildConfiguration;
			buildSettings = {
				GCC_PRECOMPILE_PREFIX_HEADER = YES;
				GCC_PREFIX_HEADER = "Ch4_3/Ch4_3-Prefix.pch";
				PRODUCT_NAME = "$(TARGET_NAME)";
			};
			name = Release;
		};
/* End XCBuildConfiguration section */

/* Begin XCConfigurationList section */
		4DDEAD4A1510952300D5A164 /* Build configuration list for PBXProject "Ch4_3" */ = {
			isa = XCConfigurationList;
			buildConfigurations = (
				4DDEAD5D1510952300D5A164 /* Debug */,
				4DDEAD5E1510952300D5A164 /* Release */,
			);
			defaultConfigurationIsVisible = 0;
			defaultConfigurationName = Release;
		};
		4DDEAD5F1510952300D5A164 /* Build configuration list for PBXNativeTarget "Ch4_3" */ = {
			isa = XCConfigurationList;
			buildConfigurations = (
				4DDEAD601510952300D5A164 /* Debug */,
				4DDEAD611510952300D5A164 /* Release */,
			);
			defaultConfigurationIsVisible = 0;
		};
/* End XCConfigurationList section */
	};
	rootObject = 4DDEAD471510952300D5A164 /* Project object */;
}
