// !$*UTF8*$!
{
	archiveVersion = 1;
	classes = {
	};
	objectVersion = 46;
	objects = {

/* Begin PBXBuildFile section */
		4DAEBD5515B5587100F770D7 /* UIKit.framework in Frameworks */ = {isa = PBXBuildFile; fileRef = 4DAEBD5415B5587100F770D7 /* UIKit.framework */; };
		4DAEBD5715B5587100F770D7 /* Foundation.framework in Frameworks */ = {isa = PBXBuildFile; fileRef = 4DAEBD5615B5587100F770D7 /* Foundation.framework */; };
		4DAEBD5915B5587100F770D7 /* CoreGraphics.framework in Frameworks */ = {isa = PBXBuildFile; fileRef = 4DAEBD5815B5587100F770D7 /* CoreGraphics.framework */; };
		4DAEBD5F15B5587100F770D7 /* InfoPlist.strings in Resources */ = {isa = PBXBuildFile; fileRef = 4DAEBD5D15B5587100F770D7 /* InfoPlist.strings */; };
		4DAEBD6115B5587100F770D7 /* main.m in Sources */ = {isa = PBXBuildFile; fileRef = 4DAEBD6015B5587100F770D7 /* main.m */; };
		4DAEBD6515B5587100F770D7 /* AppDelegate.m in Sources */ = {isa = PBXBuildFile; fileRef = 4DAEBD6415B5587100F770D7 /* AppDelegate.m */; };
		4DAEBD6815B5587100F770D7 /* MainStoryboard_iPhone.storyboard in Resources */ = {isa = PBXBuildFile; fileRef = 4DAEBD6615B5587100F770D7 /* MainStoryboard_iPhone.storyboard */; };
		4DAEBD6B15B5587100F770D7 /* MainStoryboard_iPad.storyboard in Resources */ = {isa = PBXBuildFile; fileRef = 4DAEBD6915B5587100F770D7 /* MainStoryboard_iPad.storyboard */; };
		4DAEBD6E15B5587100F770D7 /* ViewController.m in Sources */ = {isa = PBXBuildFile; fileRef = 4DAEBD6D15B5587100F770D7 /* ViewController.m */; };
		4DAEBD7515B558FF00F770D7 /* book_photo.png in Resources */ = {isa = PBXBuildFile; fileRef = 4DAEBD7415B558FF00F770D7 /* book_photo.png */; };
		4DAEBD7715B55AB700F770D7 /* CoreImage.framework in Frameworks */ = {isa = PBXBuildFile; fileRef = 4DAEBD7615B55AB700F770D7 /* CoreImage.framework */; };
		4DAEBD7915B55B2400F770D7 /* QuartzCore.framework in Frameworks */ = {isa = PBXBuildFile; fileRef = 4DAEBD7815B55B2400F770D7 /* QuartzCore.framework */; };
		4DC7E11A15B578AE0024ECFD /* image4.jpg in Resources */ = {isa = PBXBuildFile; fileRef = 4DC7E11915B578AE0024ECFD /* image4.jpg */; };
/* End PBXBuildFile section */

/* Begin PBXFileReference section */
		4DAEBD5015B5587100F770D7 /* Ch18_6.app */ = {isa = PBXFileReference; explicitFileType = wrapper.application; includeInIndex = 0; path = Ch18_6.app; sourceTree = BUILT_PRODUCTS_DIR; };
		4DAEBD5415B5587100F770D7 /* UIKit.framework */ = {isa = PBXFileReference; lastKnownFileType = wrapper.framework; name = UIKit.framework; path = System/Library/Frameworks/UIKit.framework; sourceTree = SDKROOT; };
		4DAEBD5615B5587100F770D7 /* Foundation.framework */ = {isa = PBXFileReference; lastKnownFileType = wrapper.framework; name = Foundation.framework; path = System/Library/Frameworks/Foundation.framework; sourceTree = SDKROOT; };
		4DAEBD5815B5587100F770D7 /* CoreGraphics.framework */ = {isa = PBXFileReference; lastKnownFileType = wrapper.framework; name = CoreGraphics.framework; path = System/Library/Frameworks/CoreGraphics.framework; sourceTree = SDKROOT; };
		4DAEBD5C15B5587100F770D7 /* Ch18_6-Info.plist */ = {isa = PBXFileReference; path = "Ch18_6-Info.plist"; sourceTree = "<group>"; };
		4DAEBD5E15B5587100F770D7 /* en */ = {isa = PBXFileReference; lastKnownFileType = text.plist.strings; name = en; path = en.lproj/InfoPlist.strings; sourceTree = "<group>"; };
		4DAEBD6015B5587100F770D7 /* main.m */ = {isa = PBXFileReference; lastKnownFileType = sourcecode.c.objc; path = main.m; sourceTree = "<group>"; };
		4DAEBD6215B5587100F770D7 /* Ch18_6-Prefix.pch */ = {isa = PBXFileReference; path = "Ch18_6-Prefix.pch"; sourceTree = "<group>"; };
		4DAEBD6315B5587100F770D7 /* AppDelegate.h */ = {isa = PBXFileReference; lastKnownFileType = sourcecode.c.h; path = AppDelegate.h; sourceTree = "<group>"; };
		4DAEBD6415B5587100F770D7 /* AppDelegate.m */ = {isa = PBXFileReference; lastKnownFileType = sourcecode.c.objc; path = AppDelegate.m; sourceTree = "<group>"; };
		4DAEBD6715B5587100F770D7 /* en */ = {isa = PBXFileReference; lastKnownFileType = file.storyboard; name = en; path = en.lproj/MainStoryboard_iPhone.storyboard; sourceTree = "<group>"; };
		4DAEBD6A15B5587100F770D7 /* en */ = {isa = PBXFileReference; lastKnownFileType = file.storyboard; name = en; path = en.lproj/MainStoryboard_iPad.storyboard; sourceTree = "<group>"; };
		4DAEBD6C15B5587100F770D7 /* ViewController.h */ = {isa = PBXFileReference; lastKnownFileType = sourcecode.c.h; path = ViewController.h; sourceTree = "<group>"; };
		4DAEBD6D15B5587100F770D7 /* ViewController.m */ = {isa = PBXFileReference; lastKnownFileType = sourcecode.c.objc; path = ViewController.m; sourceTree = "<group>"; };
		4DAEBD7415B558FF00F770D7 /* book_photo.png */ = {isa = PBXFileReference; lastKnownFileType = image.png; name = book_photo.png; path = ../../../../../../Desktop/book_photo.png; sourceTree = "<group>"; };
		4DAEBD7615B55AB700F770D7 /* CoreImage.framework */ = {isa = PBXFileReference; lastKnownFileType = wrapper.framework; name = CoreImage.framework; path = System/Library/Frameworks/CoreImage.framework; sourceTree = SDKROOT; };
		4DAEBD7815B55B2400F770D7 /* QuartzCore.framework */ = {isa = PBXFileReference; lastKnownFileType = wrapper.framework; name = QuartzCore.framework; path = System/Library/Frameworks/QuartzCore.framework; sourceTree = SDKROOT; };
		4DC7E11915B578AE0024ECFD /* image4.jpg */ = {isa = PBXFileReference; lastKnownFileType = image.jpeg; path = image4.jpg; sourceTree = "<group>"; };
/* End PBXFileReference section */

/* Begin PBXFrameworksBuildPhase section */
		4DAEBD4D15B5587100F770D7 /* Frameworks */ = {
			isa = PBXFrameworksBuildPhase;
			buildActionMask = 2147483647;
			files = (
				4DAEBD7915B55B2400F770D7 /* QuartzCore.framework in Frameworks */,
				4DAEBD7715B55AB700F770D7 /* CoreImage.framework in Frameworks */,
				4DAEBD5515B5587100F770D7 /* UIKit.framework in Frameworks */,
				4DAEBD5715B5587100F770D7 /* Foundation.framework in Frameworks */,
				4DAEBD5915B5587100F770D7 /* CoreGraphics.framework in Frameworks */,
			);
			runOnlyForDeploymentPostprocessing = 0;
		};
/* End PBXFrameworksBuildPhase section */

/* Begin PBXGroup section */
		4DAEBD4515B5587100F770D7 = {
			isa = PBXGroup;
			children = (
				4DAEBD7815B55B2400F770D7 /* QuartzCore.framework */,
				4DAEBD7615B55AB700F770D7 /* CoreImage.framework */,
				4DAEBD5A15B5587100F770D7 /* Ch18_3 */,
				4DAEBD5315B5587100F770D7 /* Frameworks */,
				4DAEBD5115B5587100F770D7 /* Products */,
			);
			sourceTree = "<group>";
		};
		4DAEBD5115B5587100F770D7 /* Products */ = {
			isa = PBXGroup;
			children = (
				4DAEBD5015B5587100F770D7 /* Ch18_6.app */,
			);
			name = Products;
			sourceTree = "<group>";
		};
		4DAEBD5315B5587100F770D7 /* Frameworks */ = {
			isa = PBXGroup;
			children = (
				4DAEBD5415B5587100F770D7 /* UIKit.framework */,
				4DAEBD5615B5587100F770D7 /* Foundation.framework */,
				4DAEBD5815B5587100F770D7 /* CoreGraphics.framework */,
			);
			name = Frameworks;
			sourceTree = "<group>";
		};
		4DAEBD5A15B5587100F770D7 /* Ch18_3 */ = {
			isa = PBXGroup;
			children = (
				4DC7E11915B578AE0024ECFD /* image4.jpg */,
				4DAEBD7415B558FF00F770D7 /* book_photo.png */,
				4DAEBD6315B5587100F770D7 /* AppDelegate.h */,
				4DAEBD6415B5587100F770D7 /* AppDelegate.m */,
				4DAEBD6615B5587100F770D7 /* MainStoryboard_iPhone.storyboard */,
				4DAEBD6915B5587100F770D7 /* MainStoryboard_iPad.storyboard */,
				4DAEBD6C15B5587100F770D7 /* ViewController.h */,
				4DAEBD6D15B5587100F770D7 /* ViewController.m */,
				4DAEBD5B15B5587100F770D7 /* Supporting Files */,
			);
			path = Ch18_3;
			sourceTree = "<group>";
		};
		4DAEBD5B15B5587100F770D7 /* Supporting Files */ = {
			isa = PBXGroup;
			children = (
				4DAEBD5C15B5587100F770D7 /* Ch18_6-Info.plist */,
				4DAEBD5D15B5587100F770D7 /* InfoPlist.strings */,
				4DAEBD6015B5587100F770D7 /* main.m */,
				4DAEBD6215B5587100F770D7 /* Ch18_6-Prefix.pch */,
			);
			name = "Supporting Files";
			sourceTree = "<group>";
		};
/* End PBXGroup section */

/* Begin PBXNativeTarget section */
		4DAEBD4F15B5587100F770D7 /* Ch18_6 */ = {
			isa = PBXNativeTarget;
			buildConfigurationList = 4DAEBD7115B5587100F770D7 /* Build configuration list for PBXNativeTarget "Ch18_6" */;
			buildPhases = (
				4DAEBD4C15B5587100F770D7 /* Sources */,
				4DAEBD4D15B5587100F770D7 /* Frameworks */,
				4DAEBD4E15B5587100F770D7 /* Resources */,
			);
			buildRules = (
			);
			dependencies = (
			);
			name = Ch18_6;
			productName = Ch18_3;
			productReference = 4DAEBD5015B5587100F770D7 /* Ch18_6.app */;
			productType = "com.apple.product-type.application";
		};
/* End PBXNativeTarget section */

/* Begin PBXProject section */
		4DAEBD4715B5587100F770D7 /* Project object */ = {
			isa = PBXProject;
			attributes = {
				LastUpgradeCheck = 0430;
			};
			buildConfigurationList = 4DAEBD4A15B5587100F770D7 /* Build configuration list for PBXProject "Ch18_6" */;
			compatibilityVersion = "Xcode 3.2";
			developmentRegion = English;
			hasScannedForEncodings = 0;
			knownRegions = (
				en,
			);
			mainGroup = 4DAEBD4515B5587100F770D7;
			productRefGroup = 4DAEBD5115B5587100F770D7 /* Products */;
			projectDirPath = "";
			projectRoot = "";
			targets = (
				4DAEBD4F15B5587100F770D7 /* Ch18_6 */,
			);
		};
/* End PBXProject section */

/* Begin PBXResourcesBuildPhase section */
		4DAEBD4E15B5587100F770D7 /* Resources */ = {
			isa = PBXResourcesBuildPhase;
			buildActionMask = 2147483647;
			files = (
				4DAEBD5F15B5587100F770D7 /* InfoPlist.strings in Resources */,
				4DAEBD6815B5587100F770D7 /* MainStoryboard_iPhone.storyboard in Resources */,
				4DAEBD6B15B5587100F770D7 /* MainStoryboard_iPad.storyboard in Resources */,
				4DAEBD7515B558FF00F770D7 /* book_photo.png in Resources */,
				4DC7E11A15B578AE0024ECFD /* image4.jpg in Resources */,
			);
			runOnlyForDeploymentPostprocessing = 0;
		};
/* End PBXResourcesBuildPhase section */

/* Begin PBXSourcesBuildPhase section */
		4DAEBD4C15B5587100F770D7 /* Sources */ = {
			isa = PBXSourcesBuildPhase;
			buildActionMask = 2147483647;
			files = (
				4DAEBD6115B5587100F770D7 /* main.m in Sources */,
				4DAEBD6515B5587100F770D7 /* AppDelegate.m in Sources */,
				4DAEBD6E15B5587100F770D7 /* ViewController.m in Sources */,
			);
			runOnlyForDeploymentPostprocessing = 0;
		};
/* End PBXSourcesBuildPhase section */

/* Begin PBXVariantGroup section */
		4DAEBD5D15B5587100F770D7 /* InfoPlist.strings */ = {
			isa = PBXVariantGroup;
			children = (
				4DAEBD5E15B5587100F770D7 /* en */,
			);
			name = InfoPlist.strings;
			sourceTree = "<group>";
		};
		4DAEBD6615B5587100F770D7 /* MainStoryboard_iPhone.storyboard */ = {
			isa = PBXVariantGroup;
			children = (
				4DAEBD6715B5587100F770D7 /* en */,
			);
			name = MainStoryboard_iPhone.storyboard;
			sourceTree = "<group>";
		};
		4DAEBD6915B5587100F770D7 /* MainStoryboard_iPad.storyboard */ = {
			isa = PBXVariantGroup;
			children = (
				4DAEBD6A15B5587100F770D7 /* en */,
			);
			name = MainStoryboard_iPad.storyboard;
			sourceTree = "<group>";
		};
/* End PBXVariantGroup section */

/* Begin XCBuildConfiguration section */
		4DAEBD6F15B5587100F770D7 /* Debug */ = {
			isa = XCBuildConfiguration;
			buildSettings = {
				ALWAYS_SEARCH_USER_PATHS = NO;
				ARCHS = "$(ARCHS_STANDARD_32_BIT)";
				"CODE_SIGN_IDENTITY[sdk=iphoneos*]" = "iPhone Developer";
				COPY_PHASE_STRIP = NO;
				GCC_C_LANGUAGE_STANDARD = gnu99;
				GCC_DYNAMIC_NO_PIC = NO;
				GCC_OPTIMIZATION_LEVEL = 0;
				GCC_PREPROCESSOR_DEFINITIONS = (
					"DEBUG=1",
					"$(inherited)",
				);
				GCC_SYMBOLS_PRIVATE_EXTERN = NO;
				GCC_VERSION = com.apple.compilers.llvm.clang.1_0;
				GCC_WARN_ABOUT_RETURN_TYPE = YES;
				GCC_WARN_UNINITIALIZED_AUTOS = YES;
				GCC_WARN_UNUSED_VARIABLE = YES;
				IPHONEOS_DEPLOYMENT_TARGET = 5.1;
				SDKROOT = iphoneos;
				TARGETED_DEVICE_FAMILY = "1,2";
			};
			name = Debug;
		};
		4DAEBD7015B5587100F770D7 /* Release */ = {
			isa = XCBuildConfiguration;
			buildSettings = {
				ALWAYS_SEARCH_USER_PATHS = NO;
				ARCHS = "$(ARCHS_STANDARD_32_BIT)";
				"CODE_SIGN_IDENTITY[sdk=iphoneos*]" = "iPhone Developer";
				COPY_PHASE_STRIP = YES;
				GCC_C_LANGUAGE_STANDARD = gnu99;
				GCC_VERSION = com.apple.compilers.llvm.clang.1_0;
				GCC_WARN_ABOUT_RETURN_TYPE = YES;
				GCC_WARN_UNINITIALIZED_AUTOS = YES;
				GCC_WARN_UNUSED_VARIABLE = YES;
				IPHONEOS_DEPLOYMENT_TARGET = 5.1;
				OTHER_CFLAGS = "-DNS_BLOCK_ASSERTIONS=1";
				SDKROOT = iphoneos;
				TARGETED_DEVICE_FAMILY = "1,2";
				VALIDATE_PRODUCT = YES;
			};
			name = Release;
		};
		4DAEBD7215B5587100F770D7 /* Debug */ = {
			isa = XCBuildConfiguration;
			buildSettings = {
				GCC_PRECOMPILE_PREFIX_HEADER = YES;
				GCC_PREFIX_HEADER = "Ch18_3/Ch18_6-Prefix.pch";
				INFOPLIST_FILE = "Ch18_3/Ch18_6-Info.plist";
				PRODUCT_NAME = Ch18_6;
				WRAPPER_EXTENSION = app;
			};
			name = Debug;
		};
		4DAEBD7315B5587100F770D7 /* Release */ = {
			isa = XCBuildConfiguration;
			buildSettings = {
				GCC_PRECOMPILE_PREFIX_HEADER = YES;
				GCC_PREFIX_HEADER = "Ch18_3/Ch18_6-Prefix.pch";
				INFOPLIST_FILE = "Ch18_3/Ch18_6-Info.plist";
				PRODUCT_NAME = Ch18_6;
				WRAPPER_EXTENSION = app;
			};
			name = Release;
		};
/* End XCBuildConfiguration section */

/* Begin XCConfigurationList section */
		4DAEBD4A15B5587100F770D7 /* Build configuration list for PBXProject "Ch18_6" */ = {
			isa = XCConfigurationList;
			buildConfigurations = (
				4DAEBD6F15B5587100F770D7 /* Debug */,
				4DAEBD7015B5587100F770D7 /* Release */,
			);
			defaultConfigurationIsVisible = 0;
			defaultConfigurationName = Release;
		};
		4DAEBD7115B5587100F770D7 /* Build configuration list for PBXNativeTarget "Ch18_6" */ = {
			isa = XCConfigurationList;
			buildConfigurations = (
				4DAEBD7215B5587100F770D7 /* Debug */,
				4DAEBD7315B5587100F770D7 /* Release */,
			);
			defaultConfigurationIsVisible = 0;
			defaultConfigurationName = Release;
		};
/* End XCConfigurationList section */
	};
	rootObject = 4DAEBD4715B5587100F770D7 /* Project object */;
}
