// !$*UTF8*$!
{
	archiveVersion = 1;
	classes = {
	};
	objectVersion = 46;
	objects = {

/* Begin PBXBuildFile section */
		4D93DB73150679D200C9AF02 /* UIKit.framework in Frameworks */ = {isa = PBXBuildFile; fileRef = 4D93DB72150679D200C9AF02 /* UIKit.framework */; };
		4D93DB75150679D200C9AF02 /* Foundation.framework in Frameworks */ = {isa = PBXBuildFile; fileRef = 4D93DB74150679D200C9AF02 /* Foundation.framework */; };
		4D93DB77150679D200C9AF02 /* CoreGraphics.framework in Frameworks */ = {isa = PBXBuildFile; fileRef = 4D93DB76150679D200C9AF02 /* CoreGraphics.framework */; };
		4D93DB7D150679D200C9AF02 /* InfoPlist.strings in Resources */ = {isa = PBXBuildFile; fileRef = 4D93DB7B150679D200C9AF02 /* InfoPlist.strings */; };
		4D93DB7F150679D200C9AF02 /* main.m in Sources */ = {isa = PBXBuildFile; fileRef = 4D93DB7E150679D200C9AF02 /* main.m */; };
		4D93DB83150679D200C9AF02 /* AppDelegate.m in Sources */ = {isa = PBXBuildFile; fileRef = 4D93DB82150679D200C9AF02 /* AppDelegate.m */; };
		4D93DB8C150680DD00C9AF02 /* Localizable.strings in Resources */ = {isa = PBXBuildFile; fileRef = 4D93DB8B150680DD00C9AF02 /* Localizable.strings */; };
/* End PBXBuildFile section */

/* Begin PBXFileReference section */
		4D93DB6E150679D200C9AF02 /* ch9_2.app */ = {isa = PBXFileReference; explicitFileType = wrapper.application; includeInIndex = 0; path = ch9_2.app; sourceTree = BUILT_PRODUCTS_DIR; };
		4D93DB72150679D200C9AF02 /* UIKit.framework */ = {isa = PBXFileReference; lastKnownFileType = wrapper.framework; name = UIKit.framework; path = System/Library/Frameworks/UIKit.framework; sourceTree = SDKROOT; };
		4D93DB74150679D200C9AF02 /* Foundation.framework */ = {isa = PBXFileReference; lastKnownFileType = wrapper.framework; name = Foundation.framework; path = System/Library/Frameworks/Foundation.framework; sourceTree = SDKROOT; };
		4D93DB76150679D200C9AF02 /* CoreGraphics.framework */ = {isa = PBXFileReference; lastKnownFileType = wrapper.framework; name = CoreGraphics.framework; path = System/Library/Frameworks/CoreGraphics.framework; sourceTree = SDKROOT; };
		4D93DB7A150679D200C9AF02 /* ch9_2-Info.plist */ = {isa = PBXFileReference; lastKnownFileType = text.plist.xml; path = "ch9_2-Info.plist"; sourceTree = "<group>"; };
		4D93DB7C150679D200C9AF02 /* en */ = {isa = PBXFileReference; lastKnownFileType = text.plist.strings; name = en; path = en.lproj/InfoPlist.strings; sourceTree = "<group>"; };
		4D93DB7E150679D200C9AF02 /* main.m */ = {isa = PBXFileReference; lastKnownFileType = sourcecode.c.objc; path = main.m; sourceTree = "<group>"; };
		4D93DB80150679D200C9AF02 /* ch9_2-Prefix.pch */ = {isa = PBXFileReference; lastKnownFileType = sourcecode.c.h; path = "ch9_2-Prefix.pch"; sourceTree = "<group>"; };
		4D93DB81150679D200C9AF02 /* AppDelegate.h */ = {isa = PBXFileReference; lastKnownFileType = sourcecode.c.h; path = AppDelegate.h; sourceTree = "<group>"; };
		4D93DB82150679D200C9AF02 /* AppDelegate.m */ = {isa = PBXFileReference; lastKnownFileType = sourcecode.c.objc; path = AppDelegate.m; sourceTree = "<group>"; };
		4D93DB8B150680DD00C9AF02 /* Localizable.strings */ = {isa = PBXFileReference; fileEncoding = 2483028224; lastKnownFileType = text.plist.strings; path = Localizable.strings; sourceTree = "<group>"; };
/* End PBXFileReference section */

/* Begin PBXFrameworksBuildPhase section */
		4D93DB6B150679D200C9AF02 /* Frameworks */ = {
			isa = PBXFrameworksBuildPhase;
			buildActionMask = 2147483647;
			files = (
				4D93DB73150679D200C9AF02 /* UIKit.framework in Frameworks */,
				4D93DB75150679D200C9AF02 /* Foundation.framework in Frameworks */,
				4D93DB77150679D200C9AF02 /* CoreGraphics.framework in Frameworks */,
			);
			runOnlyForDeploymentPostprocessing = 0;
		};
/* End PBXFrameworksBuildPhase section */

/* Begin PBXGroup section */
		4D93DB63150679D200C9AF02 = {
			isa = PBXGroup;
			children = (
				4D93DB78150679D200C9AF02 /* ch8_2 */,
				4D93DB71150679D200C9AF02 /* Frameworks */,
				4D93DB6F150679D200C9AF02 /* Products */,
			);
			sourceTree = "<group>";
		};
		4D93DB6F150679D200C9AF02 /* Products */ = {
			isa = PBXGroup;
			children = (
				4D93DB6E150679D200C9AF02 /* ch9_2.app */,
			);
			name = Products;
			sourceTree = "<group>";
		};
		4D93DB71150679D200C9AF02 /* Frameworks */ = {
			isa = PBXGroup;
			children = (
				4D93DB72150679D200C9AF02 /* UIKit.framework */,
				4D93DB74150679D200C9AF02 /* Foundation.framework */,
				4D93DB76150679D200C9AF02 /* CoreGraphics.framework */,
			);
			name = Frameworks;
			sourceTree = "<group>";
		};
		4D93DB78150679D200C9AF02 /* ch8_2 */ = {
			isa = PBXGroup;
			children = (
				4D93DB8B150680DD00C9AF02 /* Localizable.strings */,
				4D93DB81150679D200C9AF02 /* AppDelegate.h */,
				4D93DB82150679D200C9AF02 /* AppDelegate.m */,
				4D93DB79150679D200C9AF02 /* Supporting Files */,
			);
			path = ch8_2;
			sourceTree = "<group>";
		};
		4D93DB79150679D200C9AF02 /* Supporting Files */ = {
			isa = PBXGroup;
			children = (
				4D93DB7A150679D200C9AF02 /* ch9_2-Info.plist */,
				4D93DB7B150679D200C9AF02 /* InfoPlist.strings */,
				4D93DB7E150679D200C9AF02 /* main.m */,
				4D93DB80150679D200C9AF02 /* ch9_2-Prefix.pch */,
			);
			name = "Supporting Files";
			sourceTree = "<group>";
		};
/* End PBXGroup section */

/* Begin PBXNativeTarget section */
		4D93DB6D150679D200C9AF02 /* ch9_2 */ = {
			isa = PBXNativeTarget;
			buildConfigurationList = 4D93DB86150679D200C9AF02 /* Build configuration list for PBXNativeTarget "ch9_2" */;
			buildPhases = (
				4D93DB6A150679D200C9AF02 /* Sources */,
				4D93DB6B150679D200C9AF02 /* Frameworks */,
				4D93DB6C150679D200C9AF02 /* Resources */,
			);
			buildRules = (
			);
			dependencies = (
			);
			name = ch9_2;
			productName = ch8_2;
			productReference = 4D93DB6E150679D200C9AF02 /* ch9_2.app */;
			productType = "com.apple.product-type.application";
		};
/* End PBXNativeTarget section */

/* Begin PBXProject section */
		4D93DB65150679D200C9AF02 /* Project object */ = {
			isa = PBXProject;
			attributes = {
				LastUpgradeCheck = 0420;
			};
			buildConfigurationList = 4D93DB68150679D200C9AF02 /* Build configuration list for PBXProject "ch9_2" */;
			compatibilityVersion = "Xcode 3.2";
			developmentRegion = English;
			hasScannedForEncodings = 0;
			knownRegions = (
				en,
			);
			mainGroup = 4D93DB63150679D200C9AF02;
			productRefGroup = 4D93DB6F150679D200C9AF02 /* Products */;
			projectDirPath = "";
			projectRoot = "";
			targets = (
				4D93DB6D150679D200C9AF02 /* ch9_2 */,
			);
		};
/* End PBXProject section */

/* Begin PBXResourcesBuildPhase section */
		4D93DB6C150679D200C9AF02 /* Resources */ = {
			isa = PBXResourcesBuildPhase;
			buildActionMask = 2147483647;
			files = (
				4D93DB7D150679D200C9AF02 /* InfoPlist.strings in Resources */,
				4D93DB8C150680DD00C9AF02 /* Localizable.strings in Resources */,
			);
			runOnlyForDeploymentPostprocessing = 0;
		};
/* End PBXResourcesBuildPhase section */

/* Begin PBXSourcesBuildPhase section */
		4D93DB6A150679D200C9AF02 /* Sources */ = {
			isa = PBXSourcesBuildPhase;
			buildActionMask = 2147483647;
			files = (
				4D93DB7F150679D200C9AF02 /* main.m in Sources */,
				4D93DB83150679D200C9AF02 /* AppDelegate.m in Sources */,
			);
			runOnlyForDeploymentPostprocessing = 0;
		};
/* End PBXSourcesBuildPhase section */

/* Begin PBXVariantGroup section */
		4D93DB7B150679D200C9AF02 /* InfoPlist.strings */ = {
			isa = PBXVariantGroup;
			children = (
				4D93DB7C150679D200C9AF02 /* en */,
			);
			name = InfoPlist.strings;
			sourceTree = "<group>";
		};
/* End PBXVariantGroup section */

/* Begin XCBuildConfiguration section */
		4D93DB84150679D200C9AF02 /* Debug */ = {
			isa = XCBuildConfiguration;
			buildSettings = {
				ALWAYS_SEARCH_USER_PATHS = NO;
				ARCHS = "$(ARCHS_STANDARD_32_BIT)";
				"CODE_SIGN_IDENTITY[sdk=iphoneos*]" = "iPhone Developer";
				COPY_PHASE_STRIP = NO;
				GCC_C_LANGUAGE_STANDARD = gnu99;
				GCC_DYNAMIC_NO_PIC = NO;
				GCC_OPTIMIZATION_LEVEL = 0;
				GCC_PREPROCESSOR_DEFINITIONS = (
					"DEBUG=1",
					"$(inherited)",
				);
				GCC_SYMBOLS_PRIVATE_EXTERN = NO;
				GCC_VERSION = com.apple.compilers.llvm.clang.1_0;
				GCC_WARN_ABOUT_MISSING_PROTOTYPES = YES;
				GCC_WARN_ABOUT_RETURN_TYPE = YES;
				GCC_WARN_UNUSED_VARIABLE = YES;
				IPHONEOS_DEPLOYMENT_TARGET = 5.0;
				SDKROOT = iphoneos;
				TARGETED_DEVICE_FAMILY = "1,2";
			};
			name = Debug;
		};
		4D93DB85150679D200C9AF02 /* Release */ = {
			isa = XCBuildConfiguration;
			buildSettings = {
				ALWAYS_SEARCH_USER_PATHS = NO;
				ARCHS = "$(ARCHS_STANDARD_32_BIT)";
				"CODE_SIGN_IDENTITY[sdk=iphoneos*]" = "iPhone Developer";
				COPY_PHASE_STRIP = YES;
				GCC_C_LANGUAGE_STANDARD = gnu99;
				GCC_VERSION = com.apple.compilers.llvm.clang.1_0;
				GCC_WARN_ABOUT_MISSING_PROTOTYPES = YES;
				GCC_WARN_ABOUT_RETURN_TYPE = YES;
				GCC_WARN_UNUSED_VARIABLE = YES;
				IPHONEOS_DEPLOYMENT_TARGET = 5.0;
				OTHER_CFLAGS = "-DNS_BLOCK_ASSERTIONS=1";
				SDKROOT = iphoneos;
				TARGETED_DEVICE_FAMILY = "1,2";
				VALIDATE_PRODUCT = YES;
			};
			name = Release;
		};
		4D93DB87150679D200C9AF02 /* Debug */ = {
			isa = XCBuildConfiguration;
			buildSettings = {
				GCC_PRECOMPILE_PREFIX_HEADER = YES;
				GCC_PREFIX_HEADER = "ch8_2/ch9_2-Prefix.pch";
				INFOPLIST_FILE = "ch8_2/ch9_2-Info.plist";
				PRODUCT_NAME = ch9_2;
				WRAPPER_EXTENSION = app;
			};
			name = Debug;
		};
		4D93DB88150679D200C9AF02 /* Release */ = {
			isa = XCBuildConfiguration;
			buildSettings = {
				GCC_PRECOMPILE_PREFIX_HEADER = YES;
				GCC_PREFIX_HEADER = "ch8_2/ch9_2-Prefix.pch";
				INFOPLIST_FILE = "ch8_2/ch9_2-Info.plist";
				PRODUCT_NAME = ch9_2;
				WRAPPER_EXTENSION = app;
			};
			name = Release;
		};
/* End XCBuildConfiguration section */

/* Begin XCConfigurationList section */
		4D93DB68150679D200C9AF02 /* Build configuration list for PBXProject "ch9_2" */ = {
			isa = XCConfigurationList;
			buildConfigurations = (
				4D93DB84150679D200C9AF02 /* Debug */,
				4D93DB85150679D200C9AF02 /* Release */,
			);
			defaultConfigurationIsVisible = 0;
			defaultConfigurationName = Release;
		};
		4D93DB86150679D200C9AF02 /* Build configuration list for PBXNativeTarget "ch9_2" */ = {
			isa = XCConfigurationList;
			buildConfigurations = (
				4D93DB87150679D200C9AF02 /* Debug */,
				4D93DB88150679D200C9AF02 /* Release */,
			);
			defaultConfigurationIsVisible = 0;
			defaultConfigurationName = Release;
		};
/* End XCConfigurationList section */
	};
	rootObject = 4D93DB65150679D200C9AF02 /* Project object */;
}
